
Microsoft Visual Studio Solution File, Format Version 12.00
# Visual Studio 2013
VisualStudioVersion = 12.0.40629.0
MinimumVisualStudioVersion = 10.0.40219.1
Project("{FAE04EC0-301F-11D3-BF4B-00C04F79EFBC}") = "PrimeNumbers", "PrimeNumbersCheck\PrimeNumbers.csproj", "{6AC73AD8-4E91-4FB5-AFCC-33D98D1BCC97}"
EndProject
Project("{FAE04EC0-301F-11D3-BF4B-00C04F79EFBC}") = "Numbers.Tests", "Numbers.Tests\Numbers.Tests.csproj", "{E06B2318-8B4C-49EA-A181-9053DB116049}"
EndProject
Project("{2150E333-8FDC-42A3-9474-1A3956D46DE8}") = ".nuget", ".nuget", "{701446DA-E1B4-4A04-AFB6-F20D00378AA0}"
	ProjectSection(SolutionItems) = preProject
		.nuget\packages.config = .nuget\packages.config
	EndProjectSection
EndProject
Project("{FAE04EC0-301F-11D3-BF4B-00C04F79EFBC}") = "CommonDivisorMultiplier", "GreaterCommonDividor\CommonDivisorMultiplier.csproj", "{2A9D2AE5-8393-4F9A-BB6E-5C34234EEF26}"
EndProject
Global
	GlobalSection(SolutionConfigurationPlatforms) = preSolution
		Debug|Any CPU = Debug|Any CPU
		Release|Any CPU = Release|Any CPU
	EndGlobalSection
	GlobalSection(ProjectConfigurationPlatforms) = postSolution
		{6AC73AD8-4E91-4FB5-AFCC-33D98D1BCC97}.Debug|Any CPU.ActiveCfg = Debug|Any CPU
		{6AC73AD8-4E91-4FB5-AFCC-33D98D1BCC97}.Debug|Any CPU.Build.0 = Debug|Any CPU
		{6AC73AD8-4E91-4FB5-AFCC-33D98D1BCC97}.Release|Any CPU.ActiveCfg = Release|Any CPU
		{6AC73AD8-4E91-4FB5-AFCC-33D98D1BCC97}.Release|Any CPU.Build.0 = Release|Any CPU
		{E06B2318-8B4C-49EA-A181-9053DB116049}.Debug|Any CPU.ActiveCfg = Debug|Any CPU
		{E06B2318-8B4C-49EA-A181-9053DB116049}.Debug|Any CPU.Build.0 = Debug|Any CPU
		{E06B2318-8B4C-49EA-A181-9053DB116049}.Release|Any CPU.ActiveCfg = Release|Any CPU
		{E06B2318-8B4C-49EA-A181-9053DB116049}.Release|Any CPU.Build.0 = Release|Any CPU
		{2A9D2AE5-8393-4F9A-BB6E-5C34234EEF26}.Debug|Any CPU.ActiveCfg = Debug|Any CPU
		{2A9D2AE5-8393-4F9A-BB6E-5C34234EEF26}.Debug|Any CPU.Build.0 = Debug|Any CPU
		{2A9D2AE5-8393-4F9A-BB6E-5C34234EEF26}.Release|Any CPU.ActiveCfg = Release|Any CPU
		{2A9D2AE5-8393-4F9A-BB6E-5C34234EEF26}.Release|Any CPU.Build.0 = Release|Any CPU
	EndGlobalSection
	GlobalSection(SolutionProperties) = preSolution
		HideSolutionNode = FALSE
	EndGlobalSection
EndGlobal
